// !$*UTF8*$!
{
	archiveVersion = 1;
	classes = {
	};
	objectVersion = 50;
	objects = {

/* Begin PBXBuildFile section */
		F72AF659255589050010E573 /* BookmarksManager.swift in Sources */ = {isa = PBXBuildFile; fileRef = F72AF658255589050010E573 /* BookmarksManager.swift */; };
		F72AF65C2555893B0010E573 /* UserDefaultsConfig.swift in Sources */ = {isa = PBXBuildFile; fileRef = F72AF65B2555893B0010E573 /* UserDefaultsConfig.swift */; };
		F72AF65F2555899E0010E573 /* Agent.swift in Sources */ = {isa = PBXBuildFile; fileRef = F72AF65E2555899E0010E573 /* Agent.swift */; };
		F72AF66625558A8D0010E573 /* BookmarksViewController.swift in Sources */ = {isa = PBXBuildFile; fileRef = F72AF66525558A8D0010E573 /* BookmarksViewController.swift */; };
		F72AF66925558B760010E573 /* ClearNavigationController.swift in Sources */ = {isa = PBXBuildFile; fileRef = F72AF66825558B760010E573 /* ClearNavigationController.swift */; };
		F72AF66C25558B830010E573 /* MainTheme.swift in Sources */ = {isa = PBXBuildFile; fileRef = F72AF66B25558B830010E573 /* MainTheme.swift */; };
		F72AF66F25558BE30010E573 /* PokemonListView.swift in Sources */ = {isa = PBXBuildFile; fileRef = F72AF66E25558BE30010E573 /* PokemonListView.swift */; };
		F72AF69625558DB30010E573 /* PokemonListViewModel.swift in Sources */ = {isa = PBXBuildFile; fileRef = F72AF69525558DB30010E573 /* PokemonListViewModel.swift */; };
		F72AF69A2555950D0010E573 /* pokemons.json in Resources */ = {isa = PBXBuildFile; fileRef = F72AF6992555950D0010E573 /* pokemons.json */; };
		F72AF69F2555966C0010E573 /* PokemonListTableViewCell.swift in Sources */ = {isa = PBXBuildFile; fileRef = F72AF69E2555966C0010E573 /* PokemonListTableViewCell.swift */; };
		F72AF6A3255597650010E573 /* PokemonViewModel.swift in Sources */ = {isa = PBXBuildFile; fileRef = F72AF6A2255597650010E573 /* PokemonViewModel.swift */; };
		F77624E62556966C000CDA44 /* PokemonDetailsCoordinator.swift in Sources */ = {isa = PBXBuildFile; fileRef = F77624E52556966C000CDA44 /* PokemonDetailsCoordinator.swift */; };
		F77624E9255696A5000CDA44 /* PokemonDetailsViewController.swift in Sources */ = {isa = PBXBuildFile; fileRef = F77624E8255696A5000CDA44 /* PokemonDetailsViewController.swift */; };
		F77624EC255698F3000CDA44 /* PokemonDetailsView.swift in Sources */ = {isa = PBXBuildFile; fileRef = F77624EB255698F3000CDA44 /* PokemonDetailsView.swift */; };
		F77624F025569977000CDA44 /* PokemonDetailsViewModel.swift in Sources */ = {isa = PBXBuildFile; fileRef = F77624EF25569977000CDA44 /* PokemonDetailsViewModel.swift */; };
		F77624F325569CC0000CDA44 /* pokemon.json in Resources */ = {isa = PBXBuildFile; fileRef = F77624F225569CC0000CDA44 /* pokemon.json */; };
		F77624F82556A3B5000CDA44 /* PokemonDetailViewModel.swift in Sources */ = {isa = PBXBuildFile; fileRef = F77624F72556A3B5000CDA44 /* PokemonDetailViewModel.swift */; };
		F78371782555426A0085D2E5 /* AppDelegate.swift in Sources */ = {isa = PBXBuildFile; fileRef = F78371772555426A0085D2E5 /* AppDelegate.swift */; };
		F783717C2555426A0085D2E5 /* PokemonListViewController.swift in Sources */ = {isa = PBXBuildFile; fileRef = F783717B2555426A0085D2E5 /* PokemonListViewController.swift */; };
		F78371812555426C0085D2E5 /* Assets.xcassets in Resources */ = {isa = PBXBuildFile; fileRef = F78371802555426C0085D2E5 /* Assets.xcassets */; };
		F78371842555426C0085D2E5 /* LaunchScreen.storyboard in Resources */ = {isa = PBXBuildFile; fileRef = F78371822555426C0085D2E5 /* LaunchScreen.storyboard */; };
		F783719C255544EA0085D2E5 /* Localizable.swift in Sources */ = {isa = PBXBuildFile; fileRef = F7837198255544EA0085D2E5 /* Localizable.swift */; };
		F783719D255544EA0085D2E5 /* Coordinator.swift in Sources */ = {isa = PBXBuildFile; fileRef = F7837199255544EA0085D2E5 /* Coordinator.swift */; };
		F783719E255544EA0085D2E5 /* ReusableView.swift in Sources */ = {isa = PBXBuildFile; fileRef = F783719A255544EA0085D2E5 /* ReusableView.swift */; };
		F783719F255544EA0085D2E5 /* PokemonServices.swift in Sources */ = {isa = PBXBuildFile; fileRef = F783719B255544EA0085D2E5 /* PokemonServices.swift */; };
		F78371A9255545180085D2E5 /* UIImageView+Extensions.swift in Sources */ = {isa = PBXBuildFile; fileRef = F78371A2255545180085D2E5 /* UIImageView+Extensions.swift */; };
		F78371AA255545180085D2E5 /* Int+Etensions.swift in Sources */ = {isa = PBXBuildFile; fileRef = F78371A3255545180085D2E5 /* Int+Etensions.swift */; };
		F78371AB255545180085D2E5 /* UITableView+Extensions.swift in Sources */ = {isa = PBXBuildFile; fileRef = F78371A4255545180085D2E5 /* UITableView+Extensions.swift */; };
		F78371AC255545180085D2E5 /* String+Extensions.swift in Sources */ = {isa = PBXBuildFile; fileRef = F78371A5255545180085D2E5 /* String+Extensions.swift */; };
		F78371AD255545180085D2E5 /* UICollectionView+Extensions.swift in Sources */ = {isa = PBXBuildFile; fileRef = F78371A6255545180085D2E5 /* UICollectionView+Extensions.swift */; };
		F78371AE255545180085D2E5 /* UIView+Extensions.swift in Sources */ = {isa = PBXBuildFile; fileRef = F78371A7255545180085D2E5 /* UIView+Extensions.swift */; };
		F78371B22555455F0085D2E5 /* AppCoordinator.swift in Sources */ = {isa = PBXBuildFile; fileRef = F78371B12555455F0085D2E5 /* AppCoordinator.swift */; };
		F78371B52555457F0085D2E5 /* Constants.swift in Sources */ = {isa = PBXBuildFile; fileRef = F78371B42555457F0085D2E5 /* Constants.swift */; };
		F78371BB255545D70085D2E5 /* BookmarksCoordinator.swift in Sources */ = {isa = PBXBuildFile; fileRef = F78371BA255545D70085D2E5 /* BookmarksCoordinator.swift */; };
		F78371BE255545E40085D2E5 /* PokemonListCoordinator.swift in Sources */ = {isa = PBXBuildFile; fileRef = F78371BD255545E40085D2E5 /* PokemonListCoordinator.swift */; };
		F78371C4255546680085D2E5 /* RealPokemonServices.swift in Sources */ = {isa = PBXBuildFile; fileRef = F78371C1255546680085D2E5 /* RealPokemonServices.swift */; };
		F78371C5255546680085D2E5 /* MockPokemonServices.swift in Sources */ = {isa = PBXBuildFile; fileRef = F78371C2255546680085D2E5 /* MockPokemonServices.swift */; };
		F78371C6255546680085D2E5 /* MockMapOperation.swift in Sources */ = {isa = PBXBuildFile; fileRef = F78371C3255546680085D2E5 /* MockMapOperation.swift */; };
		F78371CD2555471F0085D2E5 /* AppError.swift in Sources */ = {isa = PBXBuildFile; fileRef = F78371CC2555471F0085D2E5 /* AppError.swift */; };
		F78371D02555472D0085D2E5 /* Pokemon.swift in Sources */ = {isa = PBXBuildFile; fileRef = F78371CF2555472D0085D2E5 /* Pokemon.swift */; };
		F7CFCBDD2556B92000D8BC54 /* ScrollingView.swift in Sources */ = {isa = PBXBuildFile; fileRef = F7CFCBDC2556B92000D8BC54 /* ScrollingView.swift */; };
		F7CFCBE12556BCE700D8BC54 /* PaddingLabel.swift in Sources */ = {isa = PBXBuildFile; fileRef = F7CFCBE02556BCE700D8BC54 /* PaddingLabel.swift */; };
/* End PBXBuildFile section */

/* Begin PBXFileReference section */
		F72AF658255589050010E573 /* BookmarksManager.swift */ = {isa = PBXFileReference; fileEncoding = 4; lastKnownFileType = sourcecode.swift; path = BookmarksManager.swift; sourceTree = "<group>"; };
		F72AF65B2555893B0010E573 /* UserDefaultsConfig.swift */ = {isa = PBXFileReference; fileEncoding = 4; lastKnownFileType = sourcecode.swift; path = UserDefaultsConfig.swift; sourceTree = "<group>"; };
		F72AF65E2555899E0010E573 /* Agent.swift */ = {isa = PBXFileReference; fileEncoding = 4; lastKnownFileType = sourcecode.swift; path = Agent.swift; sourceTree = "<group>"; };
		F72AF66525558A8D0010E573 /* BookmarksViewController.swift */ = {isa = PBXFileReference; lastKnownFileType = sourcecode.swift; path = BookmarksViewController.swift; sourceTree = "<group>"; };
		F72AF66825558B760010E573 /* ClearNavigationController.swift */ = {isa = PBXFileReference; fileEncoding = 4; lastKnownFileType = sourcecode.swift; path = ClearNavigationController.swift; sourceTree = "<group>"; };
		F72AF66B25558B830010E573 /* MainTheme.swift */ = {isa = PBXFileReference; fileEncoding = 4; lastKnownFileType = sourcecode.swift; path = MainTheme.swift; sourceTree = "<group>"; };
		F72AF66E25558BE30010E573 /* PokemonListView.swift */ = {isa = PBXFileReference; lastKnownFileType = sourcecode.swift; path = PokemonListView.swift; sourceTree = "<group>"; };
		F72AF69525558DB30010E573 /* PokemonListViewModel.swift */ = {isa = PBXFileReference; lastKnownFileType = sourcecode.swift; path = PokemonListViewModel.swift; sourceTree = "<group>"; };
		F72AF6992555950D0010E573 /* pokemons.json */ = {isa = PBXFileReference; fileEncoding = 4; lastKnownFileType = text.json; path = pokemons.json; sourceTree = "<group>"; };
		F72AF69E2555966C0010E573 /* PokemonListTableViewCell.swift */ = {isa = PBXFileReference; lastKnownFileType = sourcecode.swift; path = PokemonListTableViewCell.swift; sourceTree = "<group>"; };
		F72AF6A2255597650010E573 /* PokemonViewModel.swift */ = {isa = PBXFileReference; lastKnownFileType = sourcecode.swift; path = PokemonViewModel.swift; sourceTree = "<group>"; };
		F77624E52556966C000CDA44 /* PokemonDetailsCoordinator.swift */ = {isa = PBXFileReference; lastKnownFileType = sourcecode.swift; path = PokemonDetailsCoordinator.swift; sourceTree = "<group>"; };
		F77624E8255696A5000CDA44 /* PokemonDetailsViewController.swift */ = {isa = PBXFileReference; lastKnownFileType = sourcecode.swift; path = PokemonDetailsViewController.swift; sourceTree = "<group>"; };
		F77624EB255698F3000CDA44 /* PokemonDetailsView.swift */ = {isa = PBXFileReference; lastKnownFileType = sourcecode.swift; path = PokemonDetailsView.swift; sourceTree = "<group>"; };
		F77624EF25569977000CDA44 /* PokemonDetailsViewModel.swift */ = {isa = PBXFileReference; lastKnownFileType = sourcecode.swift; path = PokemonDetailsViewModel.swift; sourceTree = "<group>"; };
		F77624F225569CC0000CDA44 /* pokemon.json */ = {isa = PBXFileReference; fileEncoding = 4; lastKnownFileType = text.json; path = pokemon.json; sourceTree = "<group>"; };
		F77624F72556A3B5000CDA44 /* PokemonDetailViewModel.swift */ = {isa = PBXFileReference; lastKnownFileType = sourcecode.swift; path = PokemonDetailViewModel.swift; sourceTree = "<group>"; };
		F78371742555426A0085D2E5 /* PokeApp.app */ = {isa = PBXFileReference; explicitFileType = wrapper.application; includeInIndex = 0; path = PokeApp.app; sourceTree = BUILT_PRODUCTS_DIR; };
		F78371772555426A0085D2E5 /* AppDelegate.swift */ = {isa = PBXFileReference; lastKnownFileType = sourcecode.swift; path = AppDelegate.swift; sourceTree = "<group>"; };
		F783717B2555426A0085D2E5 /* PokemonListViewController.swift */ = {isa = PBXFileReference; lastKnownFileType = sourcecode.swift; path = PokemonListViewController.swift; sourceTree = "<group>"; };
		F78371802555426C0085D2E5 /* Assets.xcassets */ = {isa = PBXFileReference; lastKnownFileType = folder.assetcatalog; path = Assets.xcassets; sourceTree = "<group>"; };
		F78371832555426C0085D2E5 /* Base */ = {isa = PBXFileReference; lastKnownFileType = file.storyboard; name = Base; path = Base.lproj/LaunchScreen.storyboard; sourceTree = "<group>"; };
		F78371852555426C0085D2E5 /* Info.plist */ = {isa = PBXFileReference; lastKnownFileType = text.plist.xml; path = Info.plist; sourceTree = "<group>"; };
		F7837198255544EA0085D2E5 /* Localizable.swift */ = {isa = PBXFileReference; fileEncoding = 4; lastKnownFileType = sourcecode.swift; path = Localizable.swift; sourceTree = "<group>"; };
		F7837199255544EA0085D2E5 /* Coordinator.swift */ = {isa = PBXFileReference; fileEncoding = 4; lastKnownFileType = sourcecode.swift; path = Coordinator.swift; sourceTree = "<group>"; };
		F783719A255544EA0085D2E5 /* ReusableView.swift */ = {isa = PBXFileReference; fileEncoding = 4; lastKnownFileType = sourcecode.swift; path = ReusableView.swift; sourceTree = "<group>"; };
		F783719B255544EA0085D2E5 /* PokemonServices.swift */ = {isa = PBXFileReference; fileEncoding = 4; lastKnownFileType = sourcecode.swift; path = PokemonServices.swift; sourceTree = "<group>"; };
		F78371A2255545180085D2E5 /* UIImageView+Extensions.swift */ = {isa = PBXFileReference; fileEncoding = 4; lastKnownFileType = sourcecode.swift; path = "UIImageView+Extensions.swift"; sourceTree = "<group>"; };
		F78371A3255545180085D2E5 /* Int+Etensions.swift */ = {isa = PBXFileReference; fileEncoding = 4; lastKnownFileType = sourcecode.swift; path = "Int+Etensions.swift"; sourceTree = "<group>"; };
		F78371A4255545180085D2E5 /* UITableView+Extensions.swift */ = {isa = PBXFileReference; fileEncoding = 4; lastKnownFileType = sourcecode.swift; path = "UITableView+Extensions.swift"; sourceTree = "<group>"; };
		F78371A5255545180085D2E5 /* String+Extensions.swift */ = {isa = PBXFileReference; fileEncoding = 4; lastKnownFileType = sourcecode.swift; path = "String+Extensions.swift"; sourceTree = "<group>"; };
		F78371A6255545180085D2E5 /* UICollectionView+Extensions.swift */ = {isa = PBXFileReference; fileEncoding = 4; lastKnownFileType = sourcecode.swift; path = "UICollectionView+Extensions.swift"; sourceTree = "<group>"; };
		F78371A7255545180085D2E5 /* UIView+Extensions.swift */ = {isa = PBXFileReference; fileEncoding = 4; lastKnownFileType = sourcecode.swift; path = "UIView+Extensions.swift"; sourceTree = "<group>"; };
		F78371B12555455F0085D2E5 /* AppCoordinator.swift */ = {isa = PBXFileReference; lastKnownFileType = sourcecode.swift; path = AppCoordinator.swift; sourceTree = "<group>"; };
		F78371B42555457F0085D2E5 /* Constants.swift */ = {isa = PBXFileReference; fileEncoding = 4; lastKnownFileType = sourcecode.swift; path = Constants.swift; sourceTree = "<group>"; };
		F78371BA255545D70085D2E5 /* BookmarksCoordinator.swift */ = {isa = PBXFileReference; lastKnownFileType = sourcecode.swift; path = BookmarksCoordinator.swift; sourceTree = "<group>"; };
		F78371BD255545E40085D2E5 /* PokemonListCoordinator.swift */ = {isa = PBXFileReference; lastKnownFileType = sourcecode.swift; path = PokemonListCoordinator.swift; sourceTree = "<group>"; };
		F78371C1255546680085D2E5 /* RealPokemonServices.swift */ = {isa = PBXFileReference; fileEncoding = 4; lastKnownFileType = sourcecode.swift; path = RealPokemonServices.swift; sourceTree = "<group>"; };
		F78371C2255546680085D2E5 /* MockPokemonServices.swift */ = {isa = PBXFileReference; fileEncoding = 4; lastKnownFileType = sourcecode.swift; path = MockPokemonServices.swift; sourceTree = "<group>"; };
		F78371C3255546680085D2E5 /* MockMapOperation.swift */ = {isa = PBXFileReference; fileEncoding = 4; lastKnownFileType = sourcecode.swift; path = MockMapOperation.swift; sourceTree = "<group>"; };
		F78371CC2555471F0085D2E5 /* AppError.swift */ = {isa = PBXFileReference; fileEncoding = 4; lastKnownFileType = sourcecode.swift; path = AppError.swift; sourceTree = "<group>"; };
		F78371CF2555472D0085D2E5 /* Pokemon.swift */ = {isa = PBXFileReference; lastKnownFileType = sourcecode.swift; path = Pokemon.swift; sourceTree = "<group>"; };
		F7CFCBDC2556B92000D8BC54 /* ScrollingView.swift */ = {isa = PBXFileReference; lastKnownFileType = sourcecode.swift; path = ScrollingView.swift; sourceTree = "<group>"; };
		F7CFCBE02556BCE700D8BC54 /* PaddingLabel.swift */ = {isa = PBXFileReference; lastKnownFileType = sourcecode.swift; path = PaddingLabel.swift; sourceTree = "<group>"; };
/* End PBXFileReference section */

/* Begin PBXFrameworksBuildPhase section */
		F78371712555426A0085D2E5 /* Frameworks */ = {
			isa = PBXFrameworksBuildPhase;
			buildActionMask = 2147483647;
			files = (
			);
			runOnlyForDeploymentPostprocessing = 0;
		};
/* End PBXFrameworksBuildPhase section */

/* Begin PBXGroup section */
		F72AF69D255596560010E573 /* Cells */ = {
			isa = PBXGroup;
			children = (
				F72AF69E2555966C0010E573 /* PokemonListTableViewCell.swift */,
			);
			path = Cells;
			sourceTree = "<group>";
		};
		F77624E025569613000CDA44 /* Details */ = {
			isa = PBXGroup;
			children = (
				F77624E52556966C000CDA44 /* PokemonDetailsCoordinator.swift */,
				F77624E8255696A5000CDA44 /* PokemonDetailsViewController.swift */,
				F77624EB255698F3000CDA44 /* PokemonDetailsView.swift */,
				F77624EF25569977000CDA44 /* PokemonDetailsViewModel.swift */,
				F77624F72556A3B5000CDA44 /* PokemonDetailViewModel.swift */,
			);
			path = Details;
			sourceTree = "<group>";
		};
		F77624F525569CC4000CDA44 /* MockData */ = {
			isa = PBXGroup;
			children = (
				F77624F225569CC0000CDA44 /* pokemon.json */,
				F72AF6992555950D0010E573 /* pokemons.json */,
			);
			path = MockData;
			sourceTree = "<group>";
		};
		F783716B2555426A0085D2E5 = {
			isa = PBXGroup;
			children = (
				F78371762555426A0085D2E5 /* PokeApp */,
				F78371752555426A0085D2E5 /* Products */,
			);
			sourceTree = "<group>";
		};
		F78371752555426A0085D2E5 /* Products */ = {
			isa = PBXGroup;
			children = (
				F78371742555426A0085D2E5 /* PokeApp.app */,
			);
			name = Products;
			sourceTree = "<group>";
		};
		F78371762555426A0085D2E5 /* PokeApp */ = {
			isa = PBXGroup;
			children = (
				F7CFCBDB2556B90700D8BC54 /* UIComponents */,
				F78371C0255546510085D2E5 /* Services */,
				F78371A12555450D0085D2E5 /* Extensions */,
				F7837197255544DE0085D2E5 /* Protocols */,
				F7837196255544B30085D2E5 /* Models */,
				F78371932555447C0085D2E5 /* Coordinators */,
				F783718F255542FC0085D2E5 /* Storyboards */,
				F783718E255542E40085D2E5 /* Resources */,
				F783718D255542DF0085D2E5 /* Scenes */,
				F783718C255542C80085D2E5 /* Application */,
			);
			path = PokeApp;
			sourceTree = "<group>";
		};
		F783718C255542C80085D2E5 /* Application */ = {
			isa = PBXGroup;
			children = (
				F78371B42555457F0085D2E5 /* Constants.swift */,
				F78371852555426C0085D2E5 /* Info.plist */,
				F78371772555426A0085D2E5 /* AppDelegate.swift */,
			);
			path = Application;
			sourceTree = "<group>";
		};
		F783718D255542DF0085D2E5 /* Scenes */ = {
			isa = PBXGroup;
			children = (
				F72AF66825558B760010E573 /* ClearNavigationController.swift */,
				F78371B8255545B50085D2E5 /* Bookmarks */,
				F78371B7255545A80085D2E5 /* Pokemon List */,
				F77624E025569613000CDA44 /* Details */,
			);
			path = Scenes;
			sourceTree = "<group>";
		};
		F783718E255542E40085D2E5 /* Resources */ = {
			isa = PBXGroup;
			children = (
				F77624F525569CC4000CDA44 /* MockData */,
				F78371802555426C0085D2E5 /* Assets.xcassets */,
			);
			path = Resources;
			sourceTree = "<group>";
		};
		F783718F255542FC0085D2E5 /* Storyboards */ = {
			isa = PBXGroup;
			children = (
				F78371822555426C0085D2E5 /* LaunchScreen.storyboard */,
			);
			path = Storyboards;
			sourceTree = "<group>";
		};
		F78371932555447C0085D2E5 /* Coordinators */ = {
			isa = PBXGroup;
			children = (
				F78371B12555455F0085D2E5 /* AppCoordinator.swift */,
			);
			path = Coordinators;
			sourceTree = "<group>";
		};
		F7837196255544B30085D2E5 /* Models */ = {
			isa = PBXGroup;
			children = (
				F72AF66B25558B830010E573 /* MainTheme.swift */,
				F72AF65E2555899E0010E573 /* Agent.swift */,
				F72AF65B2555893B0010E573 /* UserDefaultsConfig.swift */,
				F72AF658255589050010E573 /* BookmarksManager.swift */,
				F78371CC2555471F0085D2E5 /* AppError.swift */,
				F78371CF2555472D0085D2E5 /* Pokemon.swift */,
			);
			path = Models;
			sourceTree = "<group>";
		};
		F7837197255544DE0085D2E5 /* Protocols */ = {
			isa = PBXGroup;
			children = (
				F7837199255544EA0085D2E5 /* Coordinator.swift */,
				F7837198255544EA0085D2E5 /* Localizable.swift */,
				F783719B255544EA0085D2E5 /* PokemonServices.swift */,
				F783719A255544EA0085D2E5 /* ReusableView.swift */,
			);
			path = Protocols;
			sourceTree = "<group>";
		};
		F78371A12555450D0085D2E5 /* Extensions */ = {
			isa = PBXGroup;
			children = (
				F78371A3255545180085D2E5 /* Int+Etensions.swift */,
				F78371A5255545180085D2E5 /* String+Extensions.swift */,
				F78371A6255545180085D2E5 /* UICollectionView+Extensions.swift */,
				F78371A2255545180085D2E5 /* UIImageView+Extensions.swift */,
				F78371A4255545180085D2E5 /* UITableView+Extensions.swift */,
				F78371A7255545180085D2E5 /* UIView+Extensions.swift */,
			);
			path = Extensions;
			sourceTree = "<group>";
		};
		F78371B7255545A80085D2E5 /* Pokemon List */ = {
			isa = PBXGroup;
			children = (
				F72AF6A2255597650010E573 /* PokemonViewModel.swift */,
				F72AF69D255596560010E573 /* Cells */,
				F78371BD255545E40085D2E5 /* PokemonListCoordinator.swift */,
				F783717B2555426A0085D2E5 /* PokemonListViewController.swift */,
				F72AF66E25558BE30010E573 /* PokemonListView.swift */,
				F72AF69525558DB30010E573 /* PokemonListViewModel.swift */,
			);
			path = "Pokemon List";
			sourceTree = "<group>";
		};
		F78371B8255545B50085D2E5 /* Bookmarks */ = {
			isa = PBXGroup;
			children = (
				F78371BA255545D70085D2E5 /* BookmarksCoordinator.swift */,
				F72AF66525558A8D0010E573 /* BookmarksViewController.swift */,
			);
			path = Bookmarks;
			sourceTree = "<group>";
		};
		F78371C0255546510085D2E5 /* Services */ = {
			isa = PBXGroup;
			children = (
				F78371C3255546680085D2E5 /* MockMapOperation.swift */,
				F78371C2255546680085D2E5 /* MockPokemonServices.swift */,
				F78371C1255546680085D2E5 /* RealPokemonServices.swift */,
			);
			path = Services;
			sourceTree = "<group>";
		};
		F7CFCBDB2556B90700D8BC54 /* UIComponents */ = {
			isa = PBXGroup;
			children = (
				F7CFCBDC2556B92000D8BC54 /* ScrollingView.swift */,
				F7CFCBE02556BCE700D8BC54 /* PaddingLabel.swift */,
			);
			path = UIComponents;
			sourceTree = "<group>";
		};
/* End PBXGroup section */

/* Begin PBXNativeTarget section */
		F78371732555426A0085D2E5 /* PokeApp */ = {
			isa = PBXNativeTarget;
			buildConfigurationList = F78371882555426C0085D2E5 /* Build configuration list for PBXNativeTarget "PokeApp" */;
			buildPhases = (
				F78371702555426A0085D2E5 /* Sources */,
				F78371712555426A0085D2E5 /* Frameworks */,
				F78371722555426A0085D2E5 /* Resources */,
			);
			buildRules = (
			);
			dependencies = (
			);
			name = PokeApp;
			packageProductDependencies = (
			);
			productName = PokeApp;
			productReference = F78371742555426A0085D2E5 /* PokeApp.app */;
			productType = "com.apple.product-type.application";
		};
/* End PBXNativeTarget section */

/* Begin PBXProject section */
		F783716C2555426A0085D2E5 /* Project object */ = {
			isa = PBXProject;
			attributes = {
				LastSwiftUpdateCheck = 1210;
				LastUpgradeCheck = 1210;
				TargetAttributes = {
					F78371732555426A0085D2E5 = {
						CreatedOnToolsVersion = 12.1;
					};
				};
			};
			buildConfigurationList = F783716F2555426A0085D2E5 /* Build configuration list for PBXProject "PokeApp" */;
			compatibilityVersion = "Xcode 9.3";
			developmentRegion = en;
			hasScannedForEncodings = 0;
			knownRegions = (
				en,
				Base,
			);
			mainGroup = F783716B2555426A0085D2E5;
			packageReferences = (
			);
			productRefGroup = F78371752555426A0085D2E5 /* Products */;
			projectDirPath = "";
			projectRoot = "";
			targets = (
				F78371732555426A0085D2E5 /* PokeApp */,
			);
		};
/* End PBXProject section */

/* Begin PBXResourcesBuildPhase section */
		F78371722555426A0085D2E5 /* Resources */ = {
			isa = PBXResourcesBuildPhase;
			buildActionMask = 2147483647;
			files = (
				F78371842555426C0085D2E5 /* LaunchScreen.storyboard in Resources */,
				F77624F325569CC0000CDA44 /* pokemon.json in Resources */,
				F72AF69A2555950D0010E573 /* pokemons.json in Resources */,
				F78371812555426C0085D2E5 /* Assets.xcassets in Resources */,
			);
			runOnlyForDeploymentPostprocessing = 0;
		};
/* End PBXResourcesBuildPhase section */

/* Begin PBXSourcesBuildPhase section */
		F78371702555426A0085D2E5 /* Sources */ = {
			isa = PBXSourcesBuildPhase;
			buildActionMask = 2147483647;
			files = (
				F78371AC255545180085D2E5 /* String+Extensions.swift in Sources */,
				F72AF66F25558BE30010E573 /* PokemonListView.swift in Sources */,
				F77624F025569977000CDA44 /* PokemonDetailsViewModel.swift in Sources */,
				F77624E9255696A5000CDA44 /* PokemonDetailsViewController.swift in Sources */,
				F78371AB255545180085D2E5 /* UITableView+Extensions.swift in Sources */,
				F78371BE255545E40085D2E5 /* PokemonListCoordinator.swift in Sources */,
				F78371BB255545D70085D2E5 /* BookmarksCoordinator.swift in Sources */,
				F72AF65F2555899E0010E573 /* Agent.swift in Sources */,
				F72AF66625558A8D0010E573 /* BookmarksViewController.swift in Sources */,
				F72AF659255589050010E573 /* BookmarksManager.swift in Sources */,
				F72AF65C2555893B0010E573 /* UserDefaultsConfig.swift in Sources */,
				F783719D255544EA0085D2E5 /* Coordinator.swift in Sources */,
				F78371A9255545180085D2E5 /* UIImageView+Extensions.swift in Sources */,
				F78371AD255545180085D2E5 /* UICollectionView+Extensions.swift in Sources */,
				F78371CD2555471F0085D2E5 /* AppError.swift in Sources */,
				F78371B52555457F0085D2E5 /* Constants.swift in Sources */,
				F783719E255544EA0085D2E5 /* ReusableView.swift in Sources */,
				F78371C4255546680085D2E5 /* RealPokemonServices.swift in Sources */,
				F78371D02555472D0085D2E5 /* Pokemon.swift in Sources */,
				F78371B22555455F0085D2E5 /* AppCoordinator.swift in Sources */,
				F7CFCBDD2556B92000D8BC54 /* ScrollingView.swift in Sources */,
				F77624EC255698F3000CDA44 /* PokemonDetailsView.swift in Sources */,
				F78371AE255545180085D2E5 /* UIView+Extensions.swift in Sources */,
				F783717C2555426A0085D2E5 /* PokemonListViewController.swift in Sources */,
				F77624F82556A3B5000CDA44 /* PokemonDetailViewModel.swift in Sources */,
				F78371AA255545180085D2E5 /* Int+Etensions.swift in Sources */,
				F7CFCBE12556BCE700D8BC54 /* PaddingLabel.swift in Sources */,
				F72AF69F2555966C0010E573 /* PokemonListTableViewCell.swift in Sources */,
				F783719C255544EA0085D2E5 /* Localizable.swift in Sources */,
				F78371782555426A0085D2E5 /* AppDelegate.swift in Sources */,
				F72AF6A3255597650010E573 /* PokemonViewModel.swift in Sources */,
				F78371C5255546680085D2E5 /* MockPokemonServices.swift in Sources */,
				F72AF66925558B760010E573 /* ClearNavigationController.swift in Sources */,
				F78371C6255546680085D2E5 /* MockMapOperation.swift in Sources */,
				F72AF66C25558B830010E573 /* MainTheme.swift in Sources */,
				F77624E62556966C000CDA44 /* PokemonDetailsCoordinator.swift in Sources */,
				F72AF69625558DB30010E573 /* PokemonListViewModel.swift in Sources */,
				F783719F255544EA0085D2E5 /* PokemonServices.swift in Sources */,
			);
			runOnlyForDeploymentPostprocessing = 0;
		};
/* End PBXSourcesBuildPhase section */

/* Begin PBXVariantGroup section */
		F78371822555426C0085D2E5 /* LaunchScreen.storyboard */ = {
			isa = PBXVariantGroup;
			children = (
				F78371832555426C0085D2E5 /* Base */,
			);
			name = LaunchScreen.storyboard;
			sourceTree = "<group>";
		};
/* End PBXVariantGroup section */

/* Begin XCBuildConfiguration section */
		F78371862555426C0085D2E5 /* Debug */ = {
			isa = XCBuildConfiguration;
			buildSettings = {
				ALWAYS_SEARCH_USER_PATHS = NO;
				CLANG_ANALYZER_NONNULL = YES;
				CLANG_ANALYZER_NUMBER_OBJECT_CONVERSION = YES_AGGRESSIVE;
				CLANG_CXX_LANGUAGE_STANDARD = "gnu++14";
				CLANG_CXX_LIBRARY = "libc++";
				CLANG_ENABLE_MODULES = YES;
				CLANG_ENABLE_OBJC_ARC = YES;
				CLANG_ENABLE_OBJC_WEAK = YES;
				CLANG_WARN_BLOCK_CAPTURE_AUTORELEASING = YES;
				CLANG_WARN_BOOL_CONVERSION = YES;
				CLANG_WARN_COMMA = YES;
				CLANG_WARN_CONSTANT_CONVERSION = YES;
				CLANG_WARN_DEPRECATED_OBJC_IMPLEMENTATIONS = YES;
				CLANG_WARN_DIRECT_OBJC_ISA_USAGE = YES_ERROR;
				CLANG_WARN_DOCUMENTATION_COMMENTS = YES;
				CLANG_WARN_EMPTY_BODY = YES;
				CLANG_WARN_ENUM_CONVERSION = YES;
				CLANG_WARN_INFINITE_RECURSION = YES;
				CLANG_WARN_INT_CONVERSION = YES;
				CLANG_WARN_NON_LITERAL_NULL_CONVERSION = YES;
				CLANG_WARN_OBJC_IMPLICIT_RETAIN_SELF = YES;
				CLANG_WARN_OBJC_LITERAL_CONVERSION = YES;
				CLANG_WARN_OBJC_ROOT_CLASS = YES_ERROR;
				CLANG_WARN_QUOTED_INCLUDE_IN_FRAMEWORK_HEADER = YES;
				CLANG_WARN_RANGE_LOOP_ANALYSIS = YES;
				CLANG_WARN_STRICT_PROTOTYPES = YES;
				CLANG_WARN_SUSPICIOUS_MOVE = YES;
				CLANG_WARN_UNGUARDED_AVAILABILITY = YES_AGGRESSIVE;
				CLANG_WARN_UNREACHABLE_CODE = YES;
				CLANG_WARN__DUPLICATE_METHOD_MATCH = YES;
				COPY_PHASE_STRIP = NO;
				DEBUG_INFORMATION_FORMAT = dwarf;
				ENABLE_STRICT_OBJC_MSGSEND = YES;
				ENABLE_TESTABILITY = YES;
				GCC_C_LANGUAGE_STANDARD = gnu11;
				GCC_DYNAMIC_NO_PIC = NO;
				GCC_NO_COMMON_BLOCKS = YES;
				GCC_OPTIMIZATION_LEVEL = 0;
				GCC_PREPROCESSOR_DEFINITIONS = (
					"DEBUG=1",
					"$(inherited)",
				);
				GCC_WARN_64_TO_32_BIT_CONVERSION = YES;
				GCC_WARN_ABOUT_RETURN_TYPE = YES_ERROR;
				GCC_WARN_UNDECLARED_SELECTOR = YES;
				GCC_WARN_UNINITIALIZED_AUTOS = YES_AGGRESSIVE;
				GCC_WARN_UNUSED_FUNCTION = YES;
				GCC_WARN_UNUSED_VARIABLE = YES;
				IPHONEOS_DEPLOYMENT_TARGET = 14.1;
				MTL_ENABLE_DEBUG_INFO = INCLUDE_SOURCE;
				MTL_FAST_MATH = YES;
				ONLY_ACTIVE_ARCH = YES;
				SDKROOT = iphoneos;
				SWIFT_ACTIVE_COMPILATION_CONDITIONS = DEBUG;
				SWIFT_OPTIMIZATION_LEVEL = "-Onone";
			};
			name = Debug;
		};
		F78371872555426C0085D2E5 /* Release */ = {
			isa = XCBuildConfiguration;
			buildSettings = {
				ALWAYS_SEARCH_USER_PATHS = NO;
				CLANG_ANALYZER_NONNULL = YES;
				CLANG_ANALYZER_NUMBER_OBJECT_CONVERSION = YES_AGGRESSIVE;
				CLANG_CXX_LANGUAGE_STANDARD = "gnu++14";
				CLANG_CXX_LIBRARY = "libc++";
				CLANG_ENABLE_MODULES = YES;
				CLANG_ENABLE_OBJC_ARC = YES;
				CLANG_ENABLE_OBJC_WEAK = YES;
				CLANG_WARN_BLOCK_CAPTURE_AUTORELEASING = YES;
				CLANG_WARN_BOOL_CONVERSION = YES;
				CLANG_WARN_COMMA = YES;
				CLANG_WARN_CONSTANT_CONVERSION = YES;
				CLANG_WARN_DEPRECATED_OBJC_IMPLEMENTATIONS = YES;
				CLANG_WARN_DIRECT_OBJC_ISA_USAGE = YES_ERROR;
				CLANG_WARN_DOCUMENTATION_COMMENTS = YES;
				CLANG_WARN_EMPTY_BODY = YES;
				CLANG_WARN_ENUM_CONVERSION = YES;
				CLANG_WARN_INFINITE_RECURSION = YES;
				CLANG_WARN_INT_CONVERSION = YES;
				CLANG_WARN_NON_LITERAL_NULL_CONVERSION = YES;
				CLANG_WARN_OBJC_IMPLICIT_RETAIN_SELF = YES;
				CLANG_WARN_OBJC_LITERAL_CONVERSION = YES;
				CLANG_WARN_OBJC_ROOT_CLASS = YES_ERROR;
				CLANG_WARN_QUOTED_INCLUDE_IN_FRAMEWORK_HEADER = YES;
				CLANG_WARN_RANGE_LOOP_ANALYSIS = YES;
				CLANG_WARN_STRICT_PROTOTYPES = YES;
				CLANG_WARN_SUSPICIOUS_MOVE = YES;
				CLANG_WARN_UNGUARDED_AVAILABILITY = YES_AGGRESSIVE;
				CLANG_WARN_UNREACHABLE_CODE = YES;
				CLANG_WARN__DUPLICATE_METHOD_MATCH = YES;
				COPY_PHASE_STRIP = NO;
				DEBUG_INFORMATION_FORMAT = "dwarf-with-dsym";
				ENABLE_NS_ASSERTIONS = NO;
				ENABLE_STRICT_OBJC_MSGSEND = YES;
				GCC_C_LANGUAGE_STANDARD = gnu11;
				GCC_NO_COMMON_BLOCKS = YES;
				GCC_WARN_64_TO_32_BIT_CONVERSION = YES;
				GCC_WARN_ABOUT_RETURN_TYPE = YES_ERROR;
				GCC_WARN_UNDECLARED_SELECTOR = YES;
				GCC_WARN_UNINITIALIZED_AUTOS = YES_AGGRESSIVE;
				GCC_WARN_UNUSED_FUNCTION = YES;
				GCC_WARN_UNUSED_VARIABLE = YES;
				IPHONEOS_DEPLOYMENT_TARGET = 14.1;
				MTL_ENABLE_DEBUG_INFO = NO;
				MTL_FAST_MATH = YES;
				SDKROOT = iphoneos;
				SWIFT_COMPILATION_MODE = wholemodule;
				SWIFT_OPTIMIZATION_LEVEL = "-O";
				VALIDATE_PRODUCT = YES;
			};
			name = Release;
		};
		F78371892555426C0085D2E5 /* Debug */ = {
			isa = XCBuildConfiguration;
			buildSettings = {
				ASSETCATALOG_COMPILER_APPICON_NAME = AppIcon;
				ASSETCATALOG_COMPILER_GLOBAL_ACCENT_COLOR_NAME = AccentColor;
				CODE_SIGN_STYLE = Automatic;
				INFOPLIST_FILE = PokeApp/Application/Info.plist;
				IPHONEOS_DEPLOYMENT_TARGET = 11.0;
				LD_RUNPATH_SEARCH_PATHS = (
					"$(inherited)",
					"@executable_path/Frameworks",
				);
				PRODUCT_BUNDLE_IDENTIFIER = com.pokemon.PokeApp;
				PRODUCT_NAME = "$(TARGET_NAME)";
				SWIFT_VERSION = 5.0;
				TARGETED_DEVICE_FAMILY = "1,2";
			};
			name = Debug;
		};
		F783718A2555426C0085D2E5 /* Release */ = {
			isa = XCBuildConfiguration;
			buildSettings = {
				ASSETCATALOG_COMPILER_APPICON_NAME = AppIcon;
				ASSETCATALOG_COMPILER_GLOBAL_ACCENT_COLOR_NAME = AccentColor;
				CODE_SIGN_STYLE = Automatic;
				INFOPLIST_FILE = PokeApp/Application/Info.plist;
				IPHONEOS_DEPLOYMENT_TARGET = 11.0;
				LD_RUNPATH_SEARCH_PATHS = (
					"$(inherited)",
					"@executable_path/Frameworks",
				);
				PRODUCT_BUNDLE_IDENTIFIER = com.pokemon.PokeApp;
				PRODUCT_NAME = "$(TARGET_NAME)";
				SWIFT_VERSION = 5.0;
				TARGETED_DEVICE_FAMILY = "1,2";
			};
			name = Release;
		};
/* End XCBuildConfiguration section */

/* Begin XCConfigurationList section */
		F783716F2555426A0085D2E5 /* Build configuration list for PBXProject "PokeApp" */ = {
			isa = XCConfigurationList;
			buildConfigurations = (
				F78371862555426C0085D2E5 /* Debug */,
				F78371872555426C0085D2E5 /* Release */,
			);
			defaultConfigurationIsVisible = 0;
			defaultConfigurationName = Release;
		};
		F78371882555426C0085D2E5 /* Build configuration list for PBXNativeTarget "PokeApp" */ = {
			isa = XCConfigurationList;
			buildConfigurations = (
				F78371892555426C0085D2E5 /* Debug */,
				F783718A2555426C0085D2E5 /* Release */,
			);
			defaultConfigurationIsVisible = 0;
			defaultConfigurationName = Release;
		};
/* End XCConfigurationList section */
	};
	rootObject = F783716C2555426A0085D2E5 /* Project object */;
}
